
Microsoft Visual Studio Solution File, Format Version 12.00
# Visual Studio 15
VisualStudioVersion = 15.0.28307.757
MinimumVisualStudioVersion = 10.0.40219.1
Project("{FAE04EC0-301F-11D3-BF4B-00C04F79EFBC}") = "Final_project", "Final_project\Final_project.csproj", "{FE12EFE4-2584-49E3-B222-42EE78F4BF78}"
EndProject
Global
	GlobalSection(SolutionConfigurationPlatforms) = preSolution
		Debug|Any CPU = Debug|Any CPU
		Release|Any CPU = Release|Any CPU
	EndGlobalSection
	GlobalSection(ProjectConfigurationPlatforms) = postSolution
		{FE12EFE4-2584-49E3-B222-42EE78F4BF78}.Debug|Any CPU.ActiveCfg = Debug|Any CPU
		{FE12EFE4-2584-49E3-B222-42EE78F4BF78}.Debug|Any CPU.Build.0 = Debug|Any CPU
		{FE12EFE4-2584-49E3-B222-42EE78F4BF78}.Release|Any CPU.ActiveCfg = Release|Any CPU
		{FE12EFE4-2584-49E3-B222-42EE78F4BF78}.Release|Any CPU.Build.0 = Release|Any CPU
	EndGlobalSection
	GlobalSection(SolutionProperties) = preSolution
		HideSolutionNode = FALSE
	EndGlobalSection
	GlobalSection(ExtensibilityGlobals) = postSolution
		SolutionGuid = {2F0E7C62-9290-4D16-8A12-18FA94F5420E}
	EndGlobalSection
EndGlobal
